
Microsoft Visual Studio Solution File, Format Version 12.00
# Visual Studio Version 16
VisualStudioVersion = 16.0.31205.134
MinimumVisualStudioVersion = 10.0.40219.1
Project("{FAE04EC0-301F-11D3-BF4B-00C04F79EFBC}") = "HW3", "HW3\HW3.csproj", "{20FAC998-1D8D-4EF4-90CC-1D19F137ACF0}"
EndProject
Global
	GlobalSection(SolutionConfigurationPlatforms) = preSolution
		Debug|Any CPU = Debug|Any CPU
		Release|Any CPU = Release|Any CPU
	EndGlobalSection
	GlobalSection(ProjectConfigurationPlatforms) = postSolution
		{20FAC998-1D8D-4EF4-90CC-1D19F137ACF0}.Debug|Any CPU.ActiveCfg = Debug|Any CPU
		{20FAC998-1D8D-4EF4-90CC-1D19F137ACF0}.Debug|Any CPU.Build.0 = Debug|Any CPU
		{20FAC998-1D8D-4EF4-90CC-1D19F137ACF0}.Release|Any CPU.ActiveCfg = Release|Any CPU
		{20FAC998-1D8D-4EF4-90CC-1D19F137ACF0}.Release|Any CPU.Build.0 = Release|Any CPU
	EndGlobalSection
	GlobalSection(SolutionProperties) = preSolution
		HideSolutionNode = FALSE
	EndGlobalSection
	GlobalSection(ExtensibilityGlobals) = postSolution
		SolutionGuid = {61456B80-4D17-4836-8305-1D64F6B0F244}
	EndGlobalSection
EndGlobal
