
Microsoft Visual Studio Solution File, Format Version 12.00
# Visual Studio Version 16
VisualStudioVersion = 16.0.31205.134
MinimumVisualStudioVersion = 10.0.40219.1
Project("{FAE04EC0-301F-11D3-BF4B-00C04F79EFBC}") = "Console1", "Console\Console1.csproj", "{1B267B16-4A87-49A7-B015-13DD661EF36E}"
EndProject
Project("{FAE04EC0-301F-11D3-BF4B-00C04F79EFBC}") = "MyLib", "MyLib\MyLib.csproj", "{C61B48F5-F743-4A54-9B03-2C17D84E5332}"
EndProject
Global
	GlobalSection(SolutionConfigurationPlatforms) = preSolution
		Debug|Any CPU = Debug|Any CPU
		Release|Any CPU = Release|Any CPU
	EndGlobalSection
	GlobalSection(ProjectConfigurationPlatforms) = postSolution
		{1B267B16-4A87-49A7-B015-13DD661EF36E}.Debug|Any CPU.ActiveCfg = Debug|Any CPU
		{1B267B16-4A87-49A7-B015-13DD661EF36E}.Debug|Any CPU.Build.0 = Debug|Any CPU
		{1B267B16-4A87-49A7-B015-13DD661EF36E}.Release|Any CPU.ActiveCfg = Release|Any CPU
		{1B267B16-4A87-49A7-B015-13DD661EF36E}.Release|Any CPU.Build.0 = Release|Any CPU
		{C61B48F5-F743-4A54-9B03-2C17D84E5332}.Debug|Any CPU.ActiveCfg = Debug|Any CPU
		{C61B48F5-F743-4A54-9B03-2C17D84E5332}.Debug|Any CPU.Build.0 = Debug|Any CPU
		{C61B48F5-F743-4A54-9B03-2C17D84E5332}.Release|Any CPU.ActiveCfg = Release|Any CPU
		{C61B48F5-F743-4A54-9B03-2C17D84E5332}.Release|Any CPU.Build.0 = Release|Any CPU
	EndGlobalSection
	GlobalSection(SolutionProperties) = preSolution
		HideSolutionNode = FALSE
	EndGlobalSection
	GlobalSection(ExtensibilityGlobals) = postSolution
		SolutionGuid = {DA751094-3E7B-4D5D-B9E2-7E339F54C778}
	EndGlobalSection
EndGlobal
