
Microsoft Visual Studio Solution File, Format Version 12.00
# Visual Studio Version 17
VisualStudioVersion = 17.0.31903.59
MinimumVisualStudioVersion = 10.0.40219.1
Project("{FAE04EC0-301F-11D3-BF4B-00C04F79EFBC}") = "EntryPoint", "EntryPoint\EntryPoint.csproj", "{23907782-FD68-46FD-A52A-39617020F92A}"
EndProject
Project("{FAE04EC0-301F-11D3-BF4B-00C04F79EFBC}") = "Models", "Models\Models.csproj", "{7A7B94C5-3BDF-4703-8B46-185C7EF4B6CD}"
EndProject
Global
	GlobalSection(SolutionConfigurationPlatforms) = preSolution
		Debug|Any CPU = Debug|Any CPU
		Release|Any CPU = Release|Any CPU
	EndGlobalSection
	GlobalSection(ProjectConfigurationPlatforms) = postSolution
		{23907782-FD68-46FD-A52A-39617020F92A}.Debug|Any CPU.ActiveCfg = Debug|Any CPU
		{23907782-FD68-46FD-A52A-39617020F92A}.Debug|Any CPU.Build.0 = Debug|Any CPU
		{23907782-FD68-46FD-A52A-39617020F92A}.Release|Any CPU.ActiveCfg = Release|Any CPU
		{23907782-FD68-46FD-A52A-39617020F92A}.Release|Any CPU.Build.0 = Release|Any CPU
		{7A7B94C5-3BDF-4703-8B46-185C7EF4B6CD}.Debug|Any CPU.ActiveCfg = Debug|Any CPU
		{7A7B94C5-3BDF-4703-8B46-185C7EF4B6CD}.Debug|Any CPU.Build.0 = Debug|Any CPU
		{7A7B94C5-3BDF-4703-8B46-185C7EF4B6CD}.Release|Any CPU.ActiveCfg = Release|Any CPU
		{7A7B94C5-3BDF-4703-8B46-185C7EF4B6CD}.Release|Any CPU.Build.0 = Release|Any CPU
	EndGlobalSection
	GlobalSection(SolutionProperties) = preSolution
		HideSolutionNode = FALSE
	EndGlobalSection
	GlobalSection(ExtensibilityGlobals) = postSolution
		SolutionGuid = {F48847E0-D3AC-4E73-8AB7-FE8F96F2B0DF}
	EndGlobalSection
EndGlobal
