
Microsoft Visual Studio Solution File, Format Version 12.00
# Visual Studio Version 17
VisualStudioVersion = 17.0.31903.59
MinimumVisualStudioVersion = 10.0.40219.1
Project("{FAE04EC0-301F-11D3-BF4B-00C04F79EFBC}") = "Task1P17", "Task1P17\Task1P17.csproj", "{334AFAE5-3D79-45C7-B5CA-764CB138900D}"
EndProject
Global
	GlobalSection(SolutionConfigurationPlatforms) = preSolution
		Debug|Any CPU = Debug|Any CPU
		Release|Any CPU = Release|Any CPU
	EndGlobalSection
	GlobalSection(ProjectConfigurationPlatforms) = postSolution
		{334AFAE5-3D79-45C7-B5CA-764CB138900D}.Debug|Any CPU.ActiveCfg = Debug|Any CPU
		{334AFAE5-3D79-45C7-B5CA-764CB138900D}.Debug|Any CPU.Build.0 = Debug|Any CPU
		{334AFAE5-3D79-45C7-B5CA-764CB138900D}.Release|Any CPU.ActiveCfg = Release|Any CPU
		{334AFAE5-3D79-45C7-B5CA-764CB138900D}.Release|Any CPU.Build.0 = Release|Any CPU
	EndGlobalSection
	GlobalSection(SolutionProperties) = preSolution
		HideSolutionNode = FALSE
	EndGlobalSection
	GlobalSection(ExtensibilityGlobals) = postSolution
		SolutionGuid = {AC8F380C-EB00-40EA-8EE5-DD444C8A922D}
	EndGlobalSection
EndGlobal
