
Microsoft Visual Studio Solution File, Format Version 12.00
# Visual Studio Version 16
VisualStudioVersion = 16.0.31205.134
MinimumVisualStudioVersion = 10.0.40219.1
Project("{FAE04EC0-301F-11D3-BF4B-00C04F79EFBC}") = "Task1", "Task1\Task1.csproj", "{2FE91053-E4A0-42BA-9184-6721CAA432DF}"
EndProject
Project("{FAE04EC0-301F-11D3-BF4B-00C04F79EFBC}") = "Task2", "Task2\Task2.csproj", "{BB86F03A-A783-4045-A3AB-F0B62534FB31}"
EndProject
Global
	GlobalSection(SolutionConfigurationPlatforms) = preSolution
		Debug|Any CPU = Debug|Any CPU
		Release|Any CPU = Release|Any CPU
	EndGlobalSection
	GlobalSection(ProjectConfigurationPlatforms) = postSolution
		{2FE91053-E4A0-42BA-9184-6721CAA432DF}.Debug|Any CPU.ActiveCfg = Debug|Any CPU
		{2FE91053-E4A0-42BA-9184-6721CAA432DF}.Debug|Any CPU.Build.0 = Debug|Any CPU
		{2FE91053-E4A0-42BA-9184-6721CAA432DF}.Release|Any CPU.ActiveCfg = Release|Any CPU
		{2FE91053-E4A0-42BA-9184-6721CAA432DF}.Release|Any CPU.Build.0 = Release|Any CPU
		{BB86F03A-A783-4045-A3AB-F0B62534FB31}.Debug|Any CPU.ActiveCfg = Debug|Any CPU
		{BB86F03A-A783-4045-A3AB-F0B62534FB31}.Debug|Any CPU.Build.0 = Debug|Any CPU
		{BB86F03A-A783-4045-A3AB-F0B62534FB31}.Release|Any CPU.ActiveCfg = Release|Any CPU
		{BB86F03A-A783-4045-A3AB-F0B62534FB31}.Release|Any CPU.Build.0 = Release|Any CPU
	EndGlobalSection
	GlobalSection(SolutionProperties) = preSolution
		HideSolutionNode = FALSE
	EndGlobalSection
	GlobalSection(ExtensibilityGlobals) = postSolution
		SolutionGuid = {625E7472-6126-40D1-9F4F-EC176212321A}
	EndGlobalSection
EndGlobal
