
Microsoft Visual Studio Solution File, Format Version 12.00
# Visual Studio Version 17
VisualStudioVersion = 17.0.31903.59
MinimumVisualStudioVersion = 10.0.40219.1
Project("{FAE04EC0-301F-11D3-BF4B-00C04F79EFBC}") = "EntryPoint", "EntryPoint\EntryPoint.csproj", "{1853A944-0D5E-45E3-A903-DC31AD262F2B}"
EndProject
Project("{FAE04EC0-301F-11D3-BF4B-00C04F79EFBC}") = "Models", "Models\Models.csproj", "{FD56E943-EB2D-4880-ABF8-4E7AE21D23DE}"
EndProject
Global
	GlobalSection(SolutionConfigurationPlatforms) = preSolution
		Debug|Any CPU = Debug|Any CPU
		Release|Any CPU = Release|Any CPU
	EndGlobalSection
	GlobalSection(ProjectConfigurationPlatforms) = postSolution
		{1853A944-0D5E-45E3-A903-DC31AD262F2B}.Debug|Any CPU.ActiveCfg = Debug|Any CPU
		{1853A944-0D5E-45E3-A903-DC31AD262F2B}.Debug|Any CPU.Build.0 = Debug|Any CPU
		{1853A944-0D5E-45E3-A903-DC31AD262F2B}.Release|Any CPU.ActiveCfg = Release|Any CPU
		{1853A944-0D5E-45E3-A903-DC31AD262F2B}.Release|Any CPU.Build.0 = Release|Any CPU
		{FD56E943-EB2D-4880-ABF8-4E7AE21D23DE}.Debug|Any CPU.ActiveCfg = Debug|Any CPU
		{FD56E943-EB2D-4880-ABF8-4E7AE21D23DE}.Debug|Any CPU.Build.0 = Debug|Any CPU
		{FD56E943-EB2D-4880-ABF8-4E7AE21D23DE}.Release|Any CPU.ActiveCfg = Release|Any CPU
		{FD56E943-EB2D-4880-ABF8-4E7AE21D23DE}.Release|Any CPU.Build.0 = Release|Any CPU
	EndGlobalSection
	GlobalSection(SolutionProperties) = preSolution
		HideSolutionNode = FALSE
	EndGlobalSection
	GlobalSection(ExtensibilityGlobals) = postSolution
		SolutionGuid = {064BE645-0E42-4BAB-BB00-536879C261AD}
	EndGlobalSection
EndGlobal
