
Microsoft Visual Studio Solution File, Format Version 12.00
# Visual Studio 15
VisualStudioVersion = 15.0.28010.2041
MinimumVisualStudioVersion = 10.0.40219.1
Project("{FAE04EC0-301F-11D3-BF4B-00C04F79EFBC}") = "EntryPoint", "EntryPoint\EntryPoint.csproj", "{EFB791C2-E642-4694-90CB-3EB7E14BD7B3}"
EndProject
Project("{FAE04EC0-301F-11D3-BF4B-00C04F79EFBC}") = "Factory", "Factory\Factory.csproj", "{A5242F8F-BD72-43B4-BDB4-4152680577BE}"
EndProject
Project("{FAE04EC0-301F-11D3-BF4B-00C04F79EFBC}") = "Helpers", "Helpers\Helpers.csproj", "{08E5DFD2-4BBF-405D-8871-A026949A7D58}"
EndProject
Project("{FAE04EC0-301F-11D3-BF4B-00C04F79EFBC}") = "Models", "Models\Models.csproj", "{A86E22CC-9638-404A-83BF-3B28A6CFFF80}"
EndProject
Global
	GlobalSection(SolutionConfigurationPlatforms) = preSolution
		Debug|Any CPU = Debug|Any CPU
		Release|Any CPU = Release|Any CPU
	EndGlobalSection
	GlobalSection(ProjectConfigurationPlatforms) = postSolution
		{EFB791C2-E642-4694-90CB-3EB7E14BD7B3}.Debug|Any CPU.ActiveCfg = Debug|Any CPU
		{EFB791C2-E642-4694-90CB-3EB7E14BD7B3}.Debug|Any CPU.Build.0 = Debug|Any CPU
		{EFB791C2-E642-4694-90CB-3EB7E14BD7B3}.Release|Any CPU.ActiveCfg = Release|Any CPU
		{EFB791C2-E642-4694-90CB-3EB7E14BD7B3}.Release|Any CPU.Build.0 = Release|Any CPU
		{A5242F8F-BD72-43B4-BDB4-4152680577BE}.Debug|Any CPU.ActiveCfg = Debug|Any CPU
		{A5242F8F-BD72-43B4-BDB4-4152680577BE}.Debug|Any CPU.Build.0 = Debug|Any CPU
		{A5242F8F-BD72-43B4-BDB4-4152680577BE}.Release|Any CPU.ActiveCfg = Release|Any CPU
		{A5242F8F-BD72-43B4-BDB4-4152680577BE}.Release|Any CPU.Build.0 = Release|Any CPU
		{08E5DFD2-4BBF-405D-8871-A026949A7D58}.Debug|Any CPU.ActiveCfg = Debug|Any CPU
		{08E5DFD2-4BBF-405D-8871-A026949A7D58}.Debug|Any CPU.Build.0 = Debug|Any CPU
		{08E5DFD2-4BBF-405D-8871-A026949A7D58}.Release|Any CPU.ActiveCfg = Release|Any CPU
		{08E5DFD2-4BBF-405D-8871-A026949A7D58}.Release|Any CPU.Build.0 = Release|Any CPU
		{A86E22CC-9638-404A-83BF-3B28A6CFFF80}.Debug|Any CPU.ActiveCfg = Debug|Any CPU
		{A86E22CC-9638-404A-83BF-3B28A6CFFF80}.Debug|Any CPU.Build.0 = Debug|Any CPU
		{A86E22CC-9638-404A-83BF-3B28A6CFFF80}.Release|Any CPU.ActiveCfg = Release|Any CPU
		{A86E22CC-9638-404A-83BF-3B28A6CFFF80}.Release|Any CPU.Build.0 = Release|Any CPU
	EndGlobalSection
	GlobalSection(SolutionProperties) = preSolution
		HideSolutionNode = FALSE
	EndGlobalSection
	GlobalSection(ExtensibilityGlobals) = postSolution
		SolutionGuid = {316C0586-25BC-4CE2-9486-4CC571E8B576}
	EndGlobalSection
EndGlobal
