
Microsoft Visual Studio Solution File, Format Version 12.00
# Visual Studio Version 16
VisualStudioVersion = 16.0.31205.134
MinimumVisualStudioVersion = 10.0.40219.1
Project("{9A19103F-16F7-4668-BE54-9A1E7A4F7556}") = "ClassLibrary", "ClassLibrary\ClassLibrary.csproj", "{DD87B3FB-B2FB-4F11-B919-CBAAE9F16AD2}"
EndProject
Project("{9A19103F-16F7-4668-BE54-9A1E7A4F7556}") = "Task1", "Task1\Task1.csproj", "{E2AC0E2C-6BCC-4A29-B2C0-5053201109D7}"
EndProject
Project("{9A19103F-16F7-4668-BE54-9A1E7A4F7556}") = "Task2", "Task2\Task2.csproj", "{545ACD21-BB40-4965-94F3-AB9FF7ACE874}"
EndProject
Global
	GlobalSection(SolutionConfigurationPlatforms) = preSolution
		Debug|Any CPU = Debug|Any CPU
		Release|Any CPU = Release|Any CPU
	EndGlobalSection
	GlobalSection(ProjectConfigurationPlatforms) = postSolution
		{DD87B3FB-B2FB-4F11-B919-CBAAE9F16AD2}.Debug|Any CPU.ActiveCfg = Debug|Any CPU
		{DD87B3FB-B2FB-4F11-B919-CBAAE9F16AD2}.Debug|Any CPU.Build.0 = Debug|Any CPU
		{DD87B3FB-B2FB-4F11-B919-CBAAE9F16AD2}.Release|Any CPU.ActiveCfg = Release|Any CPU
		{DD87B3FB-B2FB-4F11-B919-CBAAE9F16AD2}.Release|Any CPU.Build.0 = Release|Any CPU
		{E2AC0E2C-6BCC-4A29-B2C0-5053201109D7}.Debug|Any CPU.ActiveCfg = Debug|Any CPU
		{E2AC0E2C-6BCC-4A29-B2C0-5053201109D7}.Debug|Any CPU.Build.0 = Debug|Any CPU
		{E2AC0E2C-6BCC-4A29-B2C0-5053201109D7}.Release|Any CPU.ActiveCfg = Release|Any CPU
		{E2AC0E2C-6BCC-4A29-B2C0-5053201109D7}.Release|Any CPU.Build.0 = Release|Any CPU
		{545ACD21-BB40-4965-94F3-AB9FF7ACE874}.Debug|Any CPU.ActiveCfg = Debug|Any CPU
		{545ACD21-BB40-4965-94F3-AB9FF7ACE874}.Debug|Any CPU.Build.0 = Debug|Any CPU
		{545ACD21-BB40-4965-94F3-AB9FF7ACE874}.Release|Any CPU.ActiveCfg = Release|Any CPU
		{545ACD21-BB40-4965-94F3-AB9FF7ACE874}.Release|Any CPU.Build.0 = Release|Any CPU
	EndGlobalSection
	GlobalSection(SolutionProperties) = preSolution
		HideSolutionNode = FALSE
	EndGlobalSection
	GlobalSection(ExtensibilityGlobals) = postSolution
		SolutionGuid = {BF92A891-D965-4369-90E4-76DC9AE6C7EB}
	EndGlobalSection
EndGlobal
