
Microsoft Visual Studio Solution File, Format Version 12.00
# Visual Studio Version 16
VisualStudioVersion = 16.0.31205.134
MinimumVisualStudioVersion = 10.0.40219.1
Project("{9A19103F-16F7-4668-BE54-9A1E7A4F7556}") = "ClassLibrary", "..\..\LabsAllGit\level2\Homework6\ClassLibrary\ClassLibrary.csproj", "{6FF76CAE-F72C-497F-B0DE-CBB38796A856}"
EndProject
Project("{9A19103F-16F7-4668-BE54-9A1E7A4F7556}") = "Task2", "..\..\LabsAllGit\level2\Homework6\Task2\Task2.csproj", "{98C5702B-FAF6-487F-B1DF-235BEF6157A8}"
EndProject
Project("{9A19103F-16F7-4668-BE54-9A1E7A4F7556}") = "Task1", "..\..\LabsAllGit\level2\Homework6\Task1\Task1.csproj", "{E4F12CE5-03AE-4990-A22F-6952EC8CBE16}"
EndProject
Global
	GlobalSection(SolutionConfigurationPlatforms) = preSolution
		Debug|Any CPU = Debug|Any CPU
		Release|Any CPU = Release|Any CPU
	EndGlobalSection
	GlobalSection(ProjectConfigurationPlatforms) = postSolution
		{6FF76CAE-F72C-497F-B0DE-CBB38796A856}.Debug|Any CPU.ActiveCfg = Debug|Any CPU
		{6FF76CAE-F72C-497F-B0DE-CBB38796A856}.Debug|Any CPU.Build.0 = Debug|Any CPU
		{6FF76CAE-F72C-497F-B0DE-CBB38796A856}.Release|Any CPU.ActiveCfg = Release|Any CPU
		{6FF76CAE-F72C-497F-B0DE-CBB38796A856}.Release|Any CPU.Build.0 = Release|Any CPU
		{98C5702B-FAF6-487F-B1DF-235BEF6157A8}.Debug|Any CPU.ActiveCfg = Debug|Any CPU
		{98C5702B-FAF6-487F-B1DF-235BEF6157A8}.Debug|Any CPU.Build.0 = Debug|Any CPU
		{98C5702B-FAF6-487F-B1DF-235BEF6157A8}.Release|Any CPU.ActiveCfg = Release|Any CPU
		{98C5702B-FAF6-487F-B1DF-235BEF6157A8}.Release|Any CPU.Build.0 = Release|Any CPU
		{E4F12CE5-03AE-4990-A22F-6952EC8CBE16}.Debug|Any CPU.ActiveCfg = Debug|Any CPU
		{E4F12CE5-03AE-4990-A22F-6952EC8CBE16}.Debug|Any CPU.Build.0 = Debug|Any CPU
		{E4F12CE5-03AE-4990-A22F-6952EC8CBE16}.Release|Any CPU.ActiveCfg = Release|Any CPU
		{E4F12CE5-03AE-4990-A22F-6952EC8CBE16}.Release|Any CPU.Build.0 = Release|Any CPU
	EndGlobalSection
	GlobalSection(SolutionProperties) = preSolution
		HideSolutionNode = FALSE
	EndGlobalSection
	GlobalSection(ExtensibilityGlobals) = postSolution
		SolutionGuid = {BF92A891-D965-4369-90E4-76DC9AE6C7EB}
	EndGlobalSection
EndGlobal
